
Microsoft Visual Studio Solution File, Format Version 12.00
# Visual Studio Version 17
VisualStudioVersion = 17.5.002.0
MinimumVisualStudioVersion = 10.0.40219.1
Project("{9A19103F-16F7-4668-BE54-9A1E7A4F7556}") = "JakobCsharpProject", "JakobCsharpProject.csproj", "{5F69A285-55AD-49F6-BA9D-5BE0AC5DBFAF}"
EndProject
Global
	GlobalSection(SolutionConfigurationPlatforms) = preSolution
		Debug|Any CPU = Debug|Any CPU
		Release|Any CPU = Release|Any CPU
	EndGlobalSection
	GlobalSection(ProjectConfigurationPlatforms) = postSolution
		{5F69A285-55AD-49F6-BA9D-5BE0AC5DBFAF}.Debug|Any CPU.ActiveCfg = Debug|Any CPU
		{5F69A285-55AD-49F6-BA9D-5BE0AC5DBFAF}.Debug|Any CPU.Build.0 = Debug|Any CPU
		{5F69A285-55AD-49F6-BA9D-5BE0AC5DBFAF}.Release|Any CPU.ActiveCfg = Release|Any CPU
		{5F69A285-55AD-49F6-BA9D-5BE0AC5DBFAF}.Release|Any CPU.Build.0 = Release|Any CPU
	EndGlobalSection
	GlobalSection(SolutionProperties) = preSolution
		HideSolutionNode = FALSE
	EndGlobalSection
	GlobalSection(ExtensibilityGlobals) = postSolution
		SolutionGuid = {A2B3584E-4EBE-4281-94F5-C030A16A13A4}
	EndGlobalSection
EndGlobal
